
Microsoft Visual Studio Solution File, Format Version 12.00
# Visual Studio Version 17
VisualStudioVersion = 17.12.35707.178 d17.12
MinimumVisualStudioVersion = 10.0.40219.1
Project("{FAE04EC0-301F-11D3-BF4B-00C04F79EFBC}") = "ExploreSVUI", "ExploreSVUI\ExploreSVUI.csproj", "{0C2D81B4-D27A-4F2E-B63F-15B21C4A01F1}"
EndProject
Project("{FAE04EC0-301F-11D3-BF4B-00C04F79EFBC}") = "ExploreSVEN", "ExploreSVEN\ExploreSVEN.csproj", "{41E4C89D-9991-44A5-9FD2-247A90FA4E9B}"
EndProject
Project("{FAE04EC0-301F-11D3-BF4B-00C04F79EFBC}") = "ExploreSVBL", "ExploreSVBL\ExploreSVBL.csproj", "{8A510437-5EBD-47D5-BA30-017AB8C24EA4}"
EndProject
Project("{FAE04EC0-301F-11D3-BF4B-00C04F79EFBC}") = "ExploreSVDAL", "ExploreSVDAL\ExploreSVDAL.csproj", "{FD104A40-13EB-4687-A5A7-F930AED2EA28}"
EndProject
Global
	GlobalSection(SolutionConfigurationPlatforms) = preSolution
		Debug|Any CPU = Debug|Any CPU
		Release|Any CPU = Release|Any CPU
	EndGlobalSection
	GlobalSection(ProjectConfigurationPlatforms) = postSolution
		{0C2D81B4-D27A-4F2E-B63F-15B21C4A01F1}.Debug|Any CPU.ActiveCfg = Debug|Any CPU
		{0C2D81B4-D27A-4F2E-B63F-15B21C4A01F1}.Debug|Any CPU.Build.0 = Debug|Any CPU
		{0C2D81B4-D27A-4F2E-B63F-15B21C4A01F1}.Release|Any CPU.ActiveCfg = Release|Any CPU
		{0C2D81B4-D27A-4F2E-B63F-15B21C4A01F1}.Release|Any CPU.Build.0 = Release|Any CPU
		{41E4C89D-9991-44A5-9FD2-247A90FA4E9B}.Debug|Any CPU.ActiveCfg = Debug|Any CPU
		{41E4C89D-9991-44A5-9FD2-247A90FA4E9B}.Debug|Any CPU.Build.0 = Debug|Any CPU
		{41E4C89D-9991-44A5-9FD2-247A90FA4E9B}.Release|Any CPU.ActiveCfg = Release|Any CPU
		{41E4C89D-9991-44A5-9FD2-247A90FA4E9B}.Release|Any CPU.Build.0 = Release|Any CPU
		{8A510437-5EBD-47D5-BA30-017AB8C24EA4}.Debug|Any CPU.ActiveCfg = Debug|Any CPU
		{8A510437-5EBD-47D5-BA30-017AB8C24EA4}.Debug|Any CPU.Build.0 = Debug|Any CPU
		{8A510437-5EBD-47D5-BA30-017AB8C24EA4}.Release|Any CPU.ActiveCfg = Release|Any CPU
		{8A510437-5EBD-47D5-BA30-017AB8C24EA4}.Release|Any CPU.Build.0 = Release|Any CPU
		{FD104A40-13EB-4687-A5A7-F930AED2EA28}.Debug|Any CPU.ActiveCfg = Debug|Any CPU
		{FD104A40-13EB-4687-A5A7-F930AED2EA28}.Debug|Any CPU.Build.0 = Debug|Any CPU
		{FD104A40-13EB-4687-A5A7-F930AED2EA28}.Release|Any CPU.ActiveCfg = Release|Any CPU
		{FD104A40-13EB-4687-A5A7-F930AED2EA28}.Release|Any CPU.Build.0 = Release|Any CPU
	EndGlobalSection
	GlobalSection(SolutionProperties) = preSolution
		HideSolutionNode = FALSE
	EndGlobalSection
EndGlobal
